
Microsoft Visual Studio Solution File, Format Version 12.00
# Visual Studio Version 17
VisualStudioVersion = 17.8.34511.84
MinimumVisualStudioVersion = 10.0.40219.1
Project("{FAE04EC0-301F-11D3-BF4B-00C04F79EFBC}") = "ConsoleApp1", "ConsoleApp1.csproj", "{537C5330-B033-4850-BB7C-9907C384318B}"
EndProject
Global
	GlobalSection(SolutionConfigurationPlatforms) = preSolution
		Debug|Any CPU = Debug|Any CPU
		Release|Any CPU = Release|Any CPU
	EndGlobalSection
	GlobalSection(ProjectConfigurationPlatforms) = postSolution
		{537C5330-B033-4850-BB7C-9907C384318B}.Debug|Any CPU.ActiveCfg = Debug|Any CPU
		{537C5330-B033-4850-BB7C-9907C384318B}.Debug|Any CPU.Build.0 = Debug|Any CPU
		{537C5330-B033-4850-BB7C-9907C384318B}.Release|Any CPU.ActiveCfg = Release|Any CPU
		{537C5330-B033-4850-BB7C-9907C384318B}.Release|Any CPU.Build.0 = Release|Any CPU
	EndGlobalSection
	GlobalSection(SolutionProperties) = preSolution
		HideSolutionNode = FALSE
	EndGlobalSection
	GlobalSection(ExtensibilityGlobals) = postSolution
		SolutionGuid = {C45D7269-13D2-41B0-99A8-F2B3E7F3D966}
	EndGlobalSection
EndGlobal
